
Microsoft Visual Studio Solution File, Format Version 12.00
# Visual Studio 15
VisualStudioVersion = 15.0.28307.1433
MinimumVisualStudioVersion = 10.0.40219.1
Project("{FAE04EC0-301F-11D3-BF4B-00C04F79EFBC}") = "Calculadora-Gasolina", "Calculadora-Gasolina\Calculadora-Gasolina.csproj", "{7D1995F5-D256-4B4D-8467-46529C163024}"
EndProject
Global
	GlobalSection(SolutionConfigurationPlatforms) = preSolution
		Debug|Any CPU = Debug|Any CPU
		Release|Any CPU = Release|Any CPU
	EndGlobalSection
	GlobalSection(ProjectConfigurationPlatforms) = postSolution
		{7D1995F5-D256-4B4D-8467-46529C163024}.Debug|Any CPU.ActiveCfg = Debug|Any CPU
		{7D1995F5-D256-4B4D-8467-46529C163024}.Debug|Any CPU.Build.0 = Debug|Any CPU
		{7D1995F5-D256-4B4D-8467-46529C163024}.Release|Any CPU.ActiveCfg = Release|Any CPU
		{7D1995F5-D256-4B4D-8467-46529C163024}.Release|Any CPU.Build.0 = Release|Any CPU
	EndGlobalSection
	GlobalSection(SolutionProperties) = preSolution
		HideSolutionNode = FALSE
	EndGlobalSection
	GlobalSection(ExtensibilityGlobals) = postSolution
		SolutionGuid = {508E5BE1-B9AF-4E80-85E3-20D7E2CAC287}
	EndGlobalSection
EndGlobal
